// !$*UTF8*$!
{
	archiveVersion = 1;
	classes = {
	};
	objectVersion = 55;
	objects = {

/* Begin PBXBuildFile section */
		680097A028984E6A003D02F7 /* Measurement.swift in Sources */ = {isa = PBXBuildFile; fileRef = 6800979F28984E6A003D02F7 /* Measurement.swift */; };
		680D0AA3288F32AB00AFFD24 /* ConVerApp.swift in Sources */ = {isa = PBXBuildFile; fileRef = 680D0AA2288F32AB00AFFD24 /* ConVerApp.swift */; };
		680D0AA5288F32AB00AFFD24 /* ContentView.swift in Sources */ = {isa = PBXBuildFile; fileRef = 680D0AA4288F32AB00AFFD24 /* ContentView.swift */; };
		680D0AA7288F32AD00AFFD24 /* Assets.xcassets in Resources */ = {isa = PBXBuildFile; fileRef = 680D0AA6288F32AD00AFFD24 /* Assets.xcassets */; };
		680D0AAA288F32AD00AFFD24 /* Preview Assets.xcassets in Resources */ = {isa = PBXBuildFile; fileRef = 680D0AA9288F32AD00AFFD24 /* Preview Assets.xcassets */; };
		680D0AB4288F32AD00AFFD24 /* ConVerTests.swift in Sources */ = {isa = PBXBuildFile; fileRef = 680D0AB3288F32AD00AFFD24 /* ConVerTests.swift */; };
		680D0ABE288F32AD00AFFD24 /* ConVerUITests.swift in Sources */ = {isa = PBXBuildFile; fileRef = 680D0ABD288F32AD00AFFD24 /* ConVerUITests.swift */; };
		680D0AC0288F32AD00AFFD24 /* ConVerUITestsLaunchTests.swift in Sources */ = {isa = PBXBuildFile; fileRef = 680D0ABF288F32AD00AFFD24 /* ConVerUITestsLaunchTests.swift */; };
		680D0ACD2891D1AF00AFFD24 /* Measurment.swift in Sources */ = {isa = PBXBuildFile; fileRef = 680D0ACC2891D1AF00AFFD24 /* Measurment.swift */; };
/* End PBXBuildFile section */

/* Begin PBXContainerItemProxy section */
		680D0AB0288F32AD00AFFD24 /* PBXContainerItemProxy */ = {
			isa = PBXContainerItemProxy;
			containerPortal = 680D0A97288F32AB00AFFD24 /* Project object */;
			proxyType = 1;
			remoteGlobalIDString = 680D0A9E288F32AB00AFFD24;
			remoteInfo = ConVer;
		};
		680D0ABA288F32AD00AFFD24 /* PBXContainerItemProxy */ = {
			isa = PBXContainerItemProxy;
			containerPortal = 680D0A97288F32AB00AFFD24 /* Project object */;
			proxyType = 1;
			remoteGlobalIDString = 680D0A9E288F32AB00AFFD24;
			remoteInfo = ConVer;
		};
/* End PBXContainerItemProxy section */

/* Begin PBXFileReference section */
		6800979F28984E6A003D02F7 /* Measurement.swift */ = {isa = PBXFileReference; lastKnownFileType = sourcecode.swift; path = Measurement.swift; sourceTree = "<group>"; };
		680D0A9F288F32AB00AFFD24 /* ConVer.app */ = {isa = PBXFileReference; explicitFileType = wrapper.application; includeInIndex = 0; path = ConVer.app; sourceTree = BUILT_PRODUCTS_DIR; };
		680D0AA2288F32AB00AFFD24 /* ConVerApp.swift */ = {isa = PBXFileReference; lastKnownFileType = sourcecode.swift; path = ConVerApp.swift; sourceTree = "<group>"; };
		680D0AA4288F32AB00AFFD24 /* ContentView.swift */ = {isa = PBXFileReference; lastKnownFileType = sourcecode.swift; path = ContentView.swift; sourceTree = "<group>"; };
		680D0AA6288F32AD00AFFD24 /* Assets.xcassets */ = {isa = PBXFileReference; lastKnownFileType = folder.assetcatalog; path = Assets.xcassets; sourceTree = "<group>"; };
		680D0AA9288F32AD00AFFD24 /* Preview Assets.xcassets */ = {isa = PBXFileReference; lastKnownFileType = folder.assetcatalog; path = "Preview Assets.xcassets"; sourceTree = "<group>"; };
		680D0AAF288F32AD00AFFD24 /* ConVerTests.xctest */ = {isa = PBXFileReference; explicitFileType = wrapper.cfbundle; includeInIndex = 0; path = ConVerTests.xctest; sourceTree = BUILT_PRODUCTS_DIR; };
		680D0AB3288F32AD00AFFD24 /* ConVerTests.swift */ = {isa = PBXFileReference; lastKnownFileType = sourcecode.swift; path = ConVerTests.swift; sourceTree = "<group>"; };
		680D0AB9288F32AD00AFFD24 /* ConVerUITests.xctest */ = {isa = PBXFileReference; explicitFileType = wrapper.cfbundle; includeInIndex = 0; path = ConVerUITests.xctest; sourceTree = BUILT_PRODUCTS_DIR; };
		680D0ABD288F32AD00AFFD24 /* ConVerUITests.swift */ = {isa = PBXFileReference; lastKnownFileType = sourcecode.swift; path = ConVerUITests.swift; sourceTree = "<group>"; };
		680D0ABF288F32AD00AFFD24 /* ConVerUITestsLaunchTests.swift */ = {isa = PBXFileReference; lastKnownFileType = sourcecode.swift; path = ConVerUITestsLaunchTests.swift; sourceTree = "<group>"; };
		680D0ACC2891D1AF00AFFD24 /* Measurment.swift */ = {isa = PBXFileReference; lastKnownFileType = sourcecode.swift; path = Measurment.swift; sourceTree = "<group>"; };
/* End PBXFileReference section */

/* Begin PBXFrameworksBuildPhase section */
		680D0A9C288F32AB00AFFD24 /* Frameworks */ = {
			isa = PBXFrameworksBuildPhase;
			buildActionMask = 2147483647;
			files = (
			);
			runOnlyForDeploymentPostprocessing = 0;
		};
		680D0AAC288F32AD00AFFD24 /* Frameworks */ = {
			isa = PBXFrameworksBuildPhase;
			buildActionMask = 2147483647;
			files = (
			);
			runOnlyForDeploymentPostprocessing = 0;
		};
		680D0AB6288F32AD00AFFD24 /* Frameworks */ = {
			isa = PBXFrameworksBuildPhase;
			buildActionMask = 2147483647;
			files = (
			);
			runOnlyForDeploymentPostprocessing = 0;
		};
/* End PBXFrameworksBuildPhase section */

/* Begin PBXGroup section */
		680D0A96288F32AB00AFFD24 = {
			isa = PBXGroup;
			children = (
				680D0AA1288F32AB00AFFD24 /* ConVer */,
				680D0AB2288F32AD00AFFD24 /* ConVerTests */,
				680D0ABC288F32AD00AFFD24 /* ConVerUITests */,
				680D0AA0288F32AB00AFFD24 /* Products */,
			);
			sourceTree = "<group>";
		};
		680D0AA0288F32AB00AFFD24 /* Products */ = {
			isa = PBXGroup;
			children = (
				680D0A9F288F32AB00AFFD24 /* ConVer.app */,
				680D0AAF288F32AD00AFFD24 /* ConVerTests.xctest */,
				680D0AB9288F32AD00AFFD24 /* ConVerUITests.xctest */,
			);
			name = Products;
			sourceTree = "<group>";
		};
		680D0AA1288F32AB00AFFD24 /* ConVer */ = {
			isa = PBXGroup;
			children = (
				680D0AA2288F32AB00AFFD24 /* ConVerApp.swift */,
				680D0AA4288F32AB00AFFD24 /* ContentView.swift */,
				680D0ACC2891D1AF00AFFD24 /* Measurment.swift */,
				6800979F28984E6A003D02F7 /* Measurement.swift */,
				680D0AA6288F32AD00AFFD24 /* Assets.xcassets */,
				680D0AA8288F32AD00AFFD24 /* Preview Content */,
			);
			path = ConVer;
			sourceTree = "<group>";
		};
		680D0AA8288F32AD00AFFD24 /* Preview Content */ = {
			isa = PBXGroup;
			children = (
				680D0AA9288F32AD00AFFD24 /* Preview Assets.xcassets */,
			);
			path = "Preview Content";
			sourceTree = "<group>";
		};
		680D0AB2288F32AD00AFFD24 /* ConVerTests */ = {
			isa = PBXGroup;
			children = (
				680D0AB3288F32AD00AFFD24 /* ConVerTests.swift */,
			);
			path = ConVerTests;
			sourceTree = "<group>";
		};
		680D0ABC288F32AD00AFFD24 /* ConVerUITests */ = {
			isa = PBXGroup;
			children = (
				680D0ABD288F32AD00AFFD24 /* ConVerUITests.swift */,
				680D0ABF288F32AD00AFFD24 /* ConVerUITestsLaunchTests.swift */,
			);
			path = ConVerUITests;
			sourceTree = "<group>";
		};
/* End PBXGroup section */

/* Begin PBXNativeTarget section */
		680D0A9E288F32AB00AFFD24 /* ConVer */ = {
			isa = PBXNativeTarget;
			buildConfigurationList = 680D0AC3288F32AD00AFFD24 /* Build configuration list for PBXNativeTarget "ConVer" */;
			buildPhases = (
				680D0A9B288F32AB00AFFD24 /* Sources */,
				680D0A9C288F32AB00AFFD24 /* Frameworks */,
				680D0A9D288F32AB00AFFD24 /* Resources */,
			);
			buildRules = (
			);
			dependencies = (
			);
			name = ConVer;
			productName = ConVer;
			productReference = 680D0A9F288F32AB00AFFD24 /* ConVer.app */;
			productType = "com.apple.product-type.application";
		};
		680D0AAE288F32AD00AFFD24 /* ConVerTests */ = {
			isa = PBXNativeTarget;
			buildConfigurationList = 680D0AC6288F32AD00AFFD24 /* Build configuration list for PBXNativeTarget "ConVerTests" */;
			buildPhases = (
				680D0AAB288F32AD00AFFD24 /* Sources */,
				680D0AAC288F32AD00AFFD24 /* Frameworks */,
				680D0AAD288F32AD00AFFD24 /* Resources */,
			);
			buildRules = (
			);
			dependencies = (
				680D0AB1288F32AD00AFFD24 /* PBXTargetDependency */,
			);
			name = ConVerTests;
			productName = ConVerTests;
			productReference = 680D0AAF288F32AD00AFFD24 /* ConVerTests.xctest */;
			productType = "com.apple.product-type.bundle.unit-test";
		};
		680D0AB8288F32AD00AFFD24 /* ConVerUITests */ = {
			isa = PBXNativeTarget;
			buildConfigurationList = 680D0AC9288F32AD00AFFD24 /* Build configuration list for PBXNativeTarget "ConVerUITests" */;
			buildPhases = (
				680D0AB5288F32AD00AFFD24 /* Sources */,
				680D0AB6288F32AD00AFFD24 /* Frameworks */,
				680D0AB7288F32AD00AFFD24 /* Resources */,
			);
			buildRules = (
			);
			dependencies = (
				680D0ABB288F32AD00AFFD24 /* PBXTargetDependency */,
			);
			name = ConVerUITests;
			productName = ConVerUITests;
			productReference = 680D0AB9288F32AD00AFFD24 /* ConVerUITests.xctest */;
			productType = "com.apple.product-type.bundle.ui-testing";
		};
/* End PBXNativeTarget section */

/* Begin PBXProject section */
		680D0A97288F32AB00AFFD24 /* Project object */ = {
			isa = PBXProject;
			attributes = {
				BuildIndependentTargetsInParallel = 1;
				LastSwiftUpdateCheck = 1340;
				LastUpgradeCheck = 1340;
				TargetAttributes = {
					680D0A9E288F32AB00AFFD24 = {
						CreatedOnToolsVersion = 13.4.1;
					};
					680D0AAE288F32AD00AFFD24 = {
						CreatedOnToolsVersion = 13.4.1;
						TestTargetID = 680D0A9E288F32AB00AFFD24;
					};
					680D0AB8288F32AD00AFFD24 = {
						CreatedOnToolsVersion = 13.4.1;
						TestTargetID = 680D0A9E288F32AB00AFFD24;
					};
				};
			};
			buildConfigurationList = 680D0A9A288F32AB00AFFD24 /* Build configuration list for PBXProject "ConVer" */;
			compatibilityVersion = "Xcode 13.0";
			developmentRegion = en;
			hasScannedForEncodings = 0;
			knownRegions = (
				en,
				Base,
			);
			mainGroup = 680D0A96288F32AB00AFFD24;
			productRefGroup = 680D0AA0288F32AB00AFFD24 /* Products */;
			projectDirPath = "";
			projectRoot = "";
			targets = (
				680D0A9E288F32AB00AFFD24 /* ConVer */,
				680D0AAE288F32AD00AFFD24 /* ConVerTests */,
				680D0AB8288F32AD00AFFD24 /* ConVerUITests */,
			);
		};
/* End PBXProject section */

/* Begin PBXResourcesBuildPhase section */
		680D0A9D288F32AB00AFFD24 /* Resources */ = {
			isa = PBXResourcesBuildPhase;
			buildActionMask = 2147483647;
			files = (
				680D0AAA288F32AD00AFFD24 /* Preview Assets.xcassets in Resources */,
				680D0AA7288F32AD00AFFD24 /* Assets.xcassets in Resources */,
			);
			runOnlyForDeploymentPostprocessing = 0;
		};
		680D0AAD288F32AD00AFFD24 /* Resources */ = {
			isa = PBXResourcesBuildPhase;
			buildActionMask = 2147483647;
			files = (
			);
			runOnlyForDeploymentPostprocessing = 0;
		};
		680D0AB7288F32AD00AFFD24 /* Resources */ = {
			isa = PBXResourcesBuildPhase;
			buildActionMask = 2147483647;
			files = (
			);
			runOnlyForDeploymentPostprocessing = 0;
		};
/* End PBXResourcesBuildPhase section */

/* Begin PBXSourcesBuildPhase section */
		680D0A9B288F32AB00AFFD24 /* Sources */ = {
			isa = PBXSourcesBuildPhase;
			buildActionMask = 2147483647;
			files = (
				680D0AA5288F32AB00AFFD24 /* ContentView.swift in Sources */,
				680D0ACD2891D1AF00AFFD24 /* Measurment.swift in Sources */,
				680097A028984E6A003D02F7 /* Measurement.swift in Sources */,
				680D0AA3288F32AB00AFFD24 /* ConVerApp.swift in Sources */,
			);
			runOnlyForDeploymentPostprocessing = 0;
		};
		680D0AAB288F32AD00AFFD24 /* Sources */ = {
			isa = PBXSourcesBuildPhase;
			buildActionMask = 2147483647;
			files = (
				680D0AB4288F32AD00AFFD24 /* ConVerTests.swift in Sources */,
			);
			runOnlyForDeploymentPostprocessing = 0;
		};
		680D0AB5288F32AD00AFFD24 /* Sources */ = {
			isa = PBXSourcesBuildPhase;
			buildActionMask = 2147483647;
			files = (
				680D0ABE288F32AD00AFFD24 /* ConVerUITests.swift in Sources */,
				680D0AC0288F32AD00AFFD24 /* ConVerUITestsLaunchTests.swift in Sources */,
			);
			runOnlyForDeploymentPostprocessing = 0;
		};
/* End PBXSourcesBuildPhase section */

/* Begin PBXTargetDependency section */
		680D0AB1288F32AD00AFFD24 /* PBXTargetDependency */ = {
			isa = PBXTargetDependency;
			target = 680D0A9E288F32AB00AFFD24 /* ConVer */;
			targetProxy = 680D0AB0288F32AD00AFFD24 /* PBXContainerItemProxy */;
		};
		680D0ABB288F32AD00AFFD24 /* PBXTargetDependency */ = {
			isa = PBXTargetDependency;
			target = 680D0A9E288F32AB00AFFD24 /* ConVer */;
			targetProxy = 680D0ABA288F32AD00AFFD24 /* PBXContainerItemProxy */;
		};
/* End PBXTargetDependency section */

/* Begin XCBuildConfiguration section */
		680D0AC1288F32AD00AFFD24 /* Debug */ = {
			isa = XCBuildConfiguration;
			buildSettings = {
				ALWAYS_SEARCH_USER_PATHS = NO;
				CLANG_ANALYZER_NONNULL = YES;
				CLANG_ANALYZER_NUMBER_OBJECT_CONVERSION = YES_AGGRESSIVE;
				CLANG_CXX_LANGUAGE_STANDARD = "gnu++17";
				CLANG_ENABLE_MODULES = YES;
				CLANG_ENABLE_OBJC_ARC = YES;
				CLANG_ENABLE_OBJC_WEAK = YES;
				CLANG_WARN_BLOCK_CAPTURE_AUTORELEASING = YES;
				CLANG_WARN_BOOL_CONVERSION = YES;
				CLANG_WARN_COMMA = YES;
				CLANG_WARN_CONSTANT_CONVERSION = YES;
				CLANG_WARN_DEPRECATED_OBJC_IMPLEMENTATIONS = YES;
				CLANG_WARN_DIRECT_OBJC_ISA_USAGE = YES_ERROR;
				CLANG_WARN_DOCUMENTATION_COMMENTS = YES;
				CLANG_WARN_EMPTY_BODY = YES;
				CLANG_WARN_ENUM_CONVERSION = YES;
				CLANG_WARN_INFINITE_RECURSION = YES;
				CLANG_WARN_INT_CONVERSION = YES;
				CLANG_WARN_NON_LITERAL_NULL_CONVERSION = YES;
				CLANG_WARN_OBJC_IMPLICIT_RETAIN_SELF = YES;
				CLANG_WARN_OBJC_LITERAL_CONVERSION = YES;
				CLANG_WARN_OBJC_ROOT_CLASS = YES_ERROR;
				CLANG_WARN_QUOTED_INCLUDE_IN_FRAMEWORK_HEADER = YES;
				CLANG_WARN_RANGE_LOOP_ANALYSIS = YES;
				CLANG_WARN_STRICT_PROTOTYPES = YES;
				CLANG_WARN_SUSPICIOUS_MOVE = YES;
				CLANG_WARN_UNGUARDED_AVAILABILITY = YES_AGGRESSIVE;
				CLANG_WARN_UNREACHABLE_CODE = YES;
				CLANG_WARN__DUPLICATE_METHOD_MATCH = YES;
				COPY_PHASE_STRIP = NO;
				DEBUG_INFORMATION_FORMAT = dwarf;
				ENABLE_STRICT_OBJC_MSGSEND = YES;
				ENABLE_TESTABILITY = YES;
				GCC_C_LANGUAGE_STANDARD = gnu11;
				GCC_DYNAMIC_NO_PIC = NO;
				GCC_NO_COMMON_BLOCKS = YES;
				GCC_OPTIMIZATION_LEVEL = 0;
				GCC_PREPROCESSOR_DEFINITIONS = (
					"DEBUG=1",
					"$(inherited)",
				);
				GCC_WARN_64_TO_32_BIT_CONVERSION = YES;
				GCC_WARN_ABOUT_RETURN_TYPE = YES_ERROR;
				GCC_WARN_UNDECLARED_SELECTOR = YES;
				GCC_WARN_UNINITIALIZED_AUTOS = YES_AGGRESSIVE;
				GCC_WARN_UNUSED_FUNCTION = YES;
				GCC_WARN_UNUSED_VARIABLE = YES;
				IPHONEOS_DEPLOYMENT_TARGET = 15.5;
				MTL_ENABLE_DEBUG_INFO = INCLUDE_SOURCE;
				MTL_FAST_MATH = YES;
				ONLY_ACTIVE_ARCH = YES;
				SDKROOT = iphoneos;
				SWIFT_ACTIVE_COMPILATION_CONDITIONS = DEBUG;
				SWIFT_OPTIMIZATION_LEVEL = "-Onone";
			};
			name = Debug;
		};
		680D0AC2288F32AD00AFFD24 /* Release */ = {
			isa = XCBuildConfiguration;
			buildSettings = {
				ALWAYS_SEARCH_USER_PATHS = NO;
				CLANG_ANALYZER_NONNULL = YES;
				CLANG_ANALYZER_NUMBER_OBJECT_CONVERSION = YES_AGGRESSIVE;
				CLANG_CXX_LANGUAGE_STANDARD = "gnu++17";
				CLANG_ENABLE_MODULES = YES;
				CLANG_ENABLE_OBJC_ARC = YES;
				CLANG_ENABLE_OBJC_WEAK = YES;
				CLANG_WARN_BLOCK_CAPTURE_AUTORELEASING = YES;
				CLANG_WARN_BOOL_CONVERSION = YES;
				CLANG_WARN_COMMA = YES;
				CLANG_WARN_CONSTANT_CONVERSION = YES;
				CLANG_WARN_DEPRECATED_OBJC_IMPLEMENTATIONS = YES;
				CLANG_WARN_DIRECT_OBJC_ISA_USAGE = YES_ERROR;
				CLANG_WARN_DOCUMENTATION_COMMENTS = YES;
				CLANG_WARN_EMPTY_BODY = YES;
				CLANG_WARN_ENUM_CONVERSION = YES;
				CLANG_WARN_INFINITE_RECURSION = YES;
				CLANG_WARN_INT_CONVERSION = YES;
				CLANG_WARN_NON_LITERAL_NULL_CONVERSION = YES;
				CLANG_WARN_OBJC_IMPLICIT_RETAIN_SELF = YES;
				CLANG_WARN_OBJC_LITERAL_CONVERSION = YES;
				CLANG_WARN_OBJC_ROOT_CLASS = YES_ERROR;
				CLANG_WARN_QUOTED_INCLUDE_IN_FRAMEWORK_HEADER = YES;
				CLANG_WARN_RANGE_LOOP_ANALYSIS = YES;
				CLANG_WARN_STRICT_PROTOTYPES = YES;
				CLANG_WARN_SUSPICIOUS_MOVE = YES;
				CLANG_WARN_UNGUARDED_AVAILABILITY = YES_AGGRESSIVE;
				CLANG_WARN_UNREACHABLE_CODE = YES;
				CLANG_WARN__DUPLICATE_METHOD_MATCH = YES;
				COPY_PHASE_STRIP = NO;
				DEBUG_INFORMATION_FORMAT = "dwarf-with-dsym";
				ENABLE_NS_ASSERTIONS = NO;
				ENABLE_STRICT_OBJC_MSGSEND = YES;
				GCC_C_LANGUAGE_STANDARD = gnu11;
				GCC_NO_COMMON_BLOCKS = YES;
				GCC_WARN_64_TO_32_BIT_CONVERSION = YES;
				GCC_WARN_ABOUT_RETURN_TYPE = YES_ERROR;
				GCC_WARN_UNDECLARED_SELECTOR = YES;
				GCC_WARN_UNINITIALIZED_AUTOS = YES_AGGRESSIVE;
				GCC_WARN_UNUSED_FUNCTION = YES;
				GCC_WARN_UNUSED_VARIABLE = YES;
				IPHONEOS_DEPLOYMENT_TARGET = 15.5;
				MTL_ENABLE_DEBUG_INFO = NO;
				MTL_FAST_MATH = YES;
				SDKROOT = iphoneos;
				SWIFT_COMPILATION_MODE = wholemodule;
				SWIFT_OPTIMIZATION_LEVEL = "-O";
				VALIDATE_PRODUCT = YES;
			};
			name = Release;
		};
		680D0AC4288F32AD00AFFD24 /* Debug */ = {
			isa = XCBuildConfiguration;
			buildSettings = {
				ASSETCATALOG_COMPILER_APPICON_NAME = AppIcon;
				ASSETCATALOG_COMPILER_GLOBAL_ACCENT_COLOR_NAME = AccentColor;
				CODE_SIGN_STYLE = Automatic;
				CURRENT_PROJECT_VERSION = 1;
				DEVELOPMENT_ASSET_PATHS = "\"ConVer/Preview Content\"";
				DEVELOPMENT_TEAM = 6597XEG8AA;
				ENABLE_PREVIEWS = YES;
				GENERATE_INFOPLIST_FILE = YES;
				INFOPLIST_KEY_UIApplicationSceneManifest_Generation = YES;
				INFOPLIST_KEY_UIApplicationSupportsIndirectInputEvents = YES;
				INFOPLIST_KEY_UILaunchScreen_Generation = YES;
				INFOPLIST_KEY_UISupportedInterfaceOrientations_iPad = "UIInterfaceOrientationPortrait UIInterfaceOrientationPortraitUpsideDown UIInterfaceOrientationLandscapeLeft UIInterfaceOrientationLandscapeRight";
				INFOPLIST_KEY_UISupportedInterfaceOrientations_iPhone = "UIInterfaceOrientationPortrait UIInterfaceOrientationLandscapeLeft UIInterfaceOrientationLandscapeRight";
				LD_RUNPATH_SEARCH_PATHS = (
					"$(inherited)",
					"@executable_path/Frameworks",
				);
				MARKETING_VERSION = 1.0;
				PRODUCT_BUNDLE_IDENTIFIER = CSH.ConVer;
				PRODUCT_NAME = "$(TARGET_NAME)";
				SWIFT_EMIT_LOC_STRINGS = YES;
				SWIFT_VERSION = 5.0;
				TARGETED_DEVICE_FAMILY = "1,2";
			};
			name = Debug;
		};
		680D0AC5288F32AD00AFFD24 /* Release */ = {
			isa = XCBuildConfiguration;
			buildSettings = {
				ASSETCATALOG_COMPILER_APPICON_NAME = AppIcon;
				ASSETCATALOG_COMPILER_GLOBAL_ACCENT_COLOR_NAME = AccentColor;
				CODE_SIGN_STYLE = Automatic;
				CURRENT_PROJECT_VERSION = 1;
				DEVELOPMENT_ASSET_PATHS = "\"ConVer/Preview Content\"";
				DEVELOPMENT_TEAM = 6597XEG8AA;
				ENABLE_PREVIEWS = YES;
				GENERATE_INFOPLIST_FILE = YES;
				INFOPLIST_KEY_UIApplicationSceneManifest_Generation = YES;
				INFOPLIST_KEY_UIApplicationSupportsIndirectInputEvents = YES;
				INFOPLIST_KEY_UILaunchScreen_Generation = YES;
				INFOPLIST_KEY_UISupportedInterfaceOrientations_iPad = "UIInterfaceOrientationPortrait UIInterfaceOrientationPortraitUpsideDown UIInterfaceOrientationLandscapeLeft UIInterfaceOrientationLandscapeRight";
				INFOPLIST_KEY_UISupportedInterfaceOrientations_iPhone = "UIInterfaceOrientationPortrait UIInterfaceOrientationLandscapeLeft UIInterfaceOrientationLandscapeRight";
				LD_RUNPATH_SEARCH_PATHS = (
					"$(inherited)",
					"@executable_path/Frameworks",
				);
				MARKETING_VERSION = 1.0;
				PRODUCT_BUNDLE_IDENTIFIER = CSH.ConVer;
				PRODUCT_NAME = "$(TARGET_NAME)";
				SWIFT_EMIT_LOC_STRINGS = YES;
				SWIFT_VERSION = 5.0;
				TARGETED_DEVICE_FAMILY = "1,2";
			};
			name = Release;
		};
		680D0AC7288F32AD00AFFD24 /* Debug */ = {
			isa = XCBuildConfiguration;
			buildSettings = {
				ALWAYS_EMBED_SWIFT_STANDARD_LIBRARIES = YES;
				BUNDLE_LOADER = "$(TEST_HOST)";
				CODE_SIGN_STYLE = Automatic;
				CURRENT_PROJECT_VERSION = 1;
				GENERATE_INFOPLIST_FILE = YES;
				IPHONEOS_DEPLOYMENT_TARGET = 15.5;
				MARKETING_VERSION = 1.0;
				PRODUCT_BUNDLE_IDENTIFIER = CSH.ConVerTests;
				PRODUCT_NAME = "$(TARGET_NAME)";
				SWIFT_EMIT_LOC_STRINGS = NO;
				SWIFT_VERSION = 5.0;
				TARGETED_DEVICE_FAMILY = "1,2";
				TEST_HOST = "$(BUILT_PRODUCTS_DIR)/ConVer.app/ConVer";
			};
			name = Debug;
		};
		680D0AC8288F32AD00AFFD24 /* Release */ = {
			isa = XCBuildConfiguration;
			buildSettings = {
				ALWAYS_EMBED_SWIFT_STANDARD_LIBRARIES = YES;
				BUNDLE_LOADER = "$(TEST_HOST)";
				CODE_SIGN_STYLE = Automatic;
				CURRENT_PROJECT_VERSION = 1;
				GENERATE_INFOPLIST_FILE = YES;
				IPHONEOS_DEPLOYMENT_TARGET = 15.5;
				MARKETING_VERSION = 1.0;
				PRODUCT_BUNDLE_IDENTIFIER = CSH.ConVerTests;
				PRODUCT_NAME = "$(TARGET_NAME)";
				SWIFT_EMIT_LOC_STRINGS = NO;
				SWIFT_VERSION = 5.0;
				TARGETED_DEVICE_FAMILY = "1,2";
				TEST_HOST = "$(BUILT_PRODUCTS_DIR)/ConVer.app/ConVer";
			};
			name = Release;
		};
		680D0ACA288F32AD00AFFD24 /* Debug */ = {
			isa = XCBuildConfiguration;
			buildSettings = {
				ALWAYS_EMBED_SWIFT_STANDARD_LIBRARIES = YES;
				CODE_SIGN_STYLE = Automatic;
				CURRENT_PROJECT_VERSION = 1;
				GENERATE_INFOPLIST_FILE = YES;
				MARKETING_VERSION = 1.0;
				PRODUCT_BUNDLE_IDENTIFIER = CSH.ConVerUITests;
				PRODUCT_NAME = "$(TARGET_NAME)";
				SWIFT_EMIT_LOC_STRINGS = NO;
				SWIFT_VERSION = 5.0;
				TARGETED_DEVICE_FAMILY = "1,2";
				TEST_TARGET_NAME = ConVer;
			};
			name = Debug;
		};
		680D0ACB288F32AD00AFFD24 /* Release */ = {
			isa = XCBuildConfiguration;
			buildSettings = {
				ALWAYS_EMBED_SWIFT_STANDARD_LIBRARIES = YES;
				CODE_SIGN_STYLE = Automatic;
				CURRENT_PROJECT_VERSION = 1;
				GENERATE_INFOPLIST_FILE = YES;
				MARKETING_VERSION = 1.0;
				PRODUCT_BUNDLE_IDENTIFIER = CSH.ConVerUITests;
				PRODUCT_NAME = "$(TARGET_NAME)";
				SWIFT_EMIT_LOC_STRINGS = NO;
				SWIFT_VERSION = 5.0;
				TARGETED_DEVICE_FAMILY = "1,2";
				TEST_TARGET_NAME = ConVer;
			};
			name = Release;
		};
/* End XCBuildConfiguration section */

/* Begin XCConfigurationList section */
		680D0A9A288F32AB00AFFD24 /* Build configuration list for PBXProject "ConVer" */ = {
			isa = XCConfigurationList;
			buildConfigurations = (
				680D0AC1288F32AD00AFFD24 /* Debug */,
				680D0AC2288F32AD00AFFD24 /* Release */,
			);
			defaultConfigurationIsVisible = 0;
			defaultConfigurationName = Release;
		};
		680D0AC3288F32AD00AFFD24 /* Build configuration list for PBXNativeTarget "ConVer" */ = {
			isa = XCConfigurationList;
			buildConfigurations = (
				680D0AC4288F32AD00AFFD24 /* Debug */,
				680D0AC5288F32AD00AFFD24 /* Release */,
			);
			defaultConfigurationIsVisible = 0;
			defaultConfigurationName = Release;
		};
		680D0AC6288F32AD00AFFD24 /* Build configuration list for PBXNativeTarget "ConVerTests" */ = {
			isa = XCConfigurationList;
			buildConfigurations = (
				680D0AC7288F32AD00AFFD24 /* Debug */,
				680D0AC8288F32AD00AFFD24 /* Release */,
			);
			defaultConfigurationIsVisible = 0;
			defaultConfigurationName = Release;
		};
		680D0AC9288F32AD00AFFD24 /* Build configuration list for PBXNativeTarget "ConVerUITests" */ = {
			isa = XCConfigurationList;
			buildConfigurations = (
				680D0ACA288F32AD00AFFD24 /* Debug */,
				680D0ACB288F32AD00AFFD24 /* Release */,
			);
			defaultConfigurationIsVisible = 0;
			defaultConfigurationName = Release;
		};
/* End XCConfigurationList section */
	};
	rootObject = 680D0A97288F32AB00AFFD24 /* Project object */;
}
