// !$*UTF8*$!
{
	archiveVersion = 1;
	classes = {
	};
	objectVersion = 55;
	objects = {

/* Begin PBXBuildFile section */
		684D4196289ED84500C7649D /* Rock_Paper_ScissorsApp.swift in Sources */ = {isa = PBXBuildFile; fileRef = 684D4195289ED84500C7649D /* Rock_Paper_ScissorsApp.swift */; };
		684D4198289ED84500C7649D /* ContentView.swift in Sources */ = {isa = PBXBuildFile; fileRef = 684D4197289ED84500C7649D /* ContentView.swift */; };
		684D419A289ED84800C7649D /* Assets.xcassets in Resources */ = {isa = PBXBuildFile; fileRef = 684D4199289ED84800C7649D /* Assets.xcassets */; };
		684D419D289ED84800C7649D /* Preview Assets.xcassets in Resources */ = {isa = PBXBuildFile; fileRef = 684D419C289ED84800C7649D /* Preview Assets.xcassets */; };
		684D41A7289ED84900C7649D /* Rock_Paper_ScissorsTests.swift in Sources */ = {isa = PBXBuildFile; fileRef = 684D41A6289ED84900C7649D /* Rock_Paper_ScissorsTests.swift */; };
		684D41B1289ED84900C7649D /* Rock_Paper_ScissorsUITests.swift in Sources */ = {isa = PBXBuildFile; fileRef = 684D41B0289ED84900C7649D /* Rock_Paper_ScissorsUITests.swift */; };
		684D41B3289ED84900C7649D /* Rock_Paper_ScissorsUITestsLaunchTests.swift in Sources */ = {isa = PBXBuildFile; fileRef = 684D41B2289ED84900C7649D /* Rock_Paper_ScissorsUITestsLaunchTests.swift */; };
		68B0944A28A3C5CA005299DB /* BottomText.swift in Sources */ = {isa = PBXBuildFile; fileRef = 68B0944928A3C5CA005299DB /* BottomText.swift */; };
		68B0944E28A3CD10005299DB /* CustomModi.swift in Sources */ = {isa = PBXBuildFile; fileRef = 68B0944D28A3CD10005299DB /* CustomModi.swift */; };
/* End PBXBuildFile section */

/* Begin PBXContainerItemProxy section */
		684D41A3289ED84900C7649D /* PBXContainerItemProxy */ = {
			isa = PBXContainerItemProxy;
			containerPortal = 684D418A289ED84500C7649D /* Project object */;
			proxyType = 1;
			remoteGlobalIDString = 684D4191289ED84500C7649D;
			remoteInfo = "Rock Paper Scissors";
		};
		684D41AD289ED84900C7649D /* PBXContainerItemProxy */ = {
			isa = PBXContainerItemProxy;
			containerPortal = 684D418A289ED84500C7649D /* Project object */;
			proxyType = 1;
			remoteGlobalIDString = 684D4191289ED84500C7649D;
			remoteInfo = "Rock Paper Scissors";
		};
/* End PBXContainerItemProxy section */

/* Begin PBXFileReference section */
		684D4192289ED84500C7649D /* Rock Paper Scissors.app */ = {isa = PBXFileReference; explicitFileType = wrapper.application; includeInIndex = 0; path = "Rock Paper Scissors.app"; sourceTree = BUILT_PRODUCTS_DIR; };
		684D4195289ED84500C7649D /* Rock_Paper_ScissorsApp.swift */ = {isa = PBXFileReference; lastKnownFileType = sourcecode.swift; path = Rock_Paper_ScissorsApp.swift; sourceTree = "<group>"; };
		684D4197289ED84500C7649D /* ContentView.swift */ = {isa = PBXFileReference; lastKnownFileType = sourcecode.swift; path = ContentView.swift; sourceTree = "<group>"; };
		684D4199289ED84800C7649D /* Assets.xcassets */ = {isa = PBXFileReference; lastKnownFileType = folder.assetcatalog; path = Assets.xcassets; sourceTree = "<group>"; };
		684D419C289ED84800C7649D /* Preview Assets.xcassets */ = {isa = PBXFileReference; lastKnownFileType = folder.assetcatalog; path = "Preview Assets.xcassets"; sourceTree = "<group>"; };
		684D41A2289ED84900C7649D /* Rock Paper ScissorsTests.xctest */ = {isa = PBXFileReference; explicitFileType = wrapper.cfbundle; includeInIndex = 0; path = "Rock Paper ScissorsTests.xctest"; sourceTree = BUILT_PRODUCTS_DIR; };
		684D41A6289ED84900C7649D /* Rock_Paper_ScissorsTests.swift */ = {isa = PBXFileReference; lastKnownFileType = sourcecode.swift; path = Rock_Paper_ScissorsTests.swift; sourceTree = "<group>"; };
		684D41AC289ED84900C7649D /* Rock Paper ScissorsUITests.xctest */ = {isa = PBXFileReference; explicitFileType = wrapper.cfbundle; includeInIndex = 0; path = "Rock Paper ScissorsUITests.xctest"; sourceTree = BUILT_PRODUCTS_DIR; };
		684D41B0289ED84900C7649D /* Rock_Paper_ScissorsUITests.swift */ = {isa = PBXFileReference; lastKnownFileType = sourcecode.swift; path = Rock_Paper_ScissorsUITests.swift; sourceTree = "<group>"; };
		684D41B2289ED84900C7649D /* Rock_Paper_ScissorsUITestsLaunchTests.swift */ = {isa = PBXFileReference; lastKnownFileType = sourcecode.swift; path = Rock_Paper_ScissorsUITestsLaunchTests.swift; sourceTree = "<group>"; };
		68B0944928A3C5CA005299DB /* BottomText.swift */ = {isa = PBXFileReference; lastKnownFileType = sourcecode.swift; path = BottomText.swift; sourceTree = "<group>"; };
		68B0944D28A3CD10005299DB /* CustomModi.swift */ = {isa = PBXFileReference; lastKnownFileType = sourcecode.swift; path = CustomModi.swift; sourceTree = "<group>"; };
/* End PBXFileReference section */

/* Begin PBXFrameworksBuildPhase section */
		684D418F289ED84500C7649D /* Frameworks */ = {
			isa = PBXFrameworksBuildPhase;
			buildActionMask = 2147483647;
			files = (
			);
			runOnlyForDeploymentPostprocessing = 0;
		};
		684D419F289ED84900C7649D /* Frameworks */ = {
			isa = PBXFrameworksBuildPhase;
			buildActionMask = 2147483647;
			files = (
			);
			runOnlyForDeploymentPostprocessing = 0;
		};
		684D41A9289ED84900C7649D /* Frameworks */ = {
			isa = PBXFrameworksBuildPhase;
			buildActionMask = 2147483647;
			files = (
			);
			runOnlyForDeploymentPostprocessing = 0;
		};
/* End PBXFrameworksBuildPhase section */

/* Begin PBXGroup section */
		684D4189289ED84500C7649D = {
			isa = PBXGroup;
			children = (
				684D4194289ED84500C7649D /* Rock Paper Scissors */,
				684D41A5289ED84900C7649D /* Rock Paper ScissorsTests */,
				684D41AF289ED84900C7649D /* Rock Paper ScissorsUITests */,
				684D4193289ED84500C7649D /* Products */,
			);
			sourceTree = "<group>";
		};
		684D4193289ED84500C7649D /* Products */ = {
			isa = PBXGroup;
			children = (
				684D4192289ED84500C7649D /* Rock Paper Scissors.app */,
				684D41A2289ED84900C7649D /* Rock Paper ScissorsTests.xctest */,
				684D41AC289ED84900C7649D /* Rock Paper ScissorsUITests.xctest */,
			);
			name = Products;
			sourceTree = "<group>";
		};
		684D4194289ED84500C7649D /* Rock Paper Scissors */ = {
			isa = PBXGroup;
			children = (
				684D4195289ED84500C7649D /* Rock_Paper_ScissorsApp.swift */,
				684D4197289ED84500C7649D /* ContentView.swift */,
				68B0944928A3C5CA005299DB /* BottomText.swift */,
				68B0944D28A3CD10005299DB /* CustomModi.swift */,
				684D4199289ED84800C7649D /* Assets.xcassets */,
				684D419B289ED84800C7649D /* Preview Content */,
			);
			path = "Rock Paper Scissors";
			sourceTree = "<group>";
		};
		684D419B289ED84800C7649D /* Preview Content */ = {
			isa = PBXGroup;
			children = (
				684D419C289ED84800C7649D /* Preview Assets.xcassets */,
			);
			path = "Preview Content";
			sourceTree = "<group>";
		};
		684D41A5289ED84900C7649D /* Rock Paper ScissorsTests */ = {
			isa = PBXGroup;
			children = (
				684D41A6289ED84900C7649D /* Rock_Paper_ScissorsTests.swift */,
			);
			path = "Rock Paper ScissorsTests";
			sourceTree = "<group>";
		};
		684D41AF289ED84900C7649D /* Rock Paper ScissorsUITests */ = {
			isa = PBXGroup;
			children = (
				684D41B0289ED84900C7649D /* Rock_Paper_ScissorsUITests.swift */,
				684D41B2289ED84900C7649D /* Rock_Paper_ScissorsUITestsLaunchTests.swift */,
			);
			path = "Rock Paper ScissorsUITests";
			sourceTree = "<group>";
		};
/* End PBXGroup section */

/* Begin PBXNativeTarget section */
		684D4191289ED84500C7649D /* Rock Paper Scissors */ = {
			isa = PBXNativeTarget;
			buildConfigurationList = 684D41B6289ED84900C7649D /* Build configuration list for PBXNativeTarget "Rock Paper Scissors" */;
			buildPhases = (
				684D418E289ED84500C7649D /* Sources */,
				684D418F289ED84500C7649D /* Frameworks */,
				684D4190289ED84500C7649D /* Resources */,
			);
			buildRules = (
			);
			dependencies = (
			);
			name = "Rock Paper Scissors";
			productName = "Rock Paper Scissors";
			productReference = 684D4192289ED84500C7649D /* Rock Paper Scissors.app */;
			productType = "com.apple.product-type.application";
		};
		684D41A1289ED84900C7649D /* Rock Paper ScissorsTests */ = {
			isa = PBXNativeTarget;
			buildConfigurationList = 684D41B9289ED84900C7649D /* Build configuration list for PBXNativeTarget "Rock Paper ScissorsTests" */;
			buildPhases = (
				684D419E289ED84900C7649D /* Sources */,
				684D419F289ED84900C7649D /* Frameworks */,
				684D41A0289ED84900C7649D /* Resources */,
			);
			buildRules = (
			);
			dependencies = (
				684D41A4289ED84900C7649D /* PBXTargetDependency */,
			);
			name = "Rock Paper ScissorsTests";
			productName = "Rock Paper ScissorsTests";
			productReference = 684D41A2289ED84900C7649D /* Rock Paper ScissorsTests.xctest */;
			productType = "com.apple.product-type.bundle.unit-test";
		};
		684D41AB289ED84900C7649D /* Rock Paper ScissorsUITests */ = {
			isa = PBXNativeTarget;
			buildConfigurationList = 684D41BC289ED84900C7649D /* Build configuration list for PBXNativeTarget "Rock Paper ScissorsUITests" */;
			buildPhases = (
				684D41A8289ED84900C7649D /* Sources */,
				684D41A9289ED84900C7649D /* Frameworks */,
				684D41AA289ED84900C7649D /* Resources */,
			);
			buildRules = (
			);
			dependencies = (
				684D41AE289ED84900C7649D /* PBXTargetDependency */,
			);
			name = "Rock Paper ScissorsUITests";
			productName = "Rock Paper ScissorsUITests";
			productReference = 684D41AC289ED84900C7649D /* Rock Paper ScissorsUITests.xctest */;
			productType = "com.apple.product-type.bundle.ui-testing";
		};
/* End PBXNativeTarget section */

/* Begin PBXProject section */
		684D418A289ED84500C7649D /* Project object */ = {
			isa = PBXProject;
			attributes = {
				BuildIndependentTargetsInParallel = 1;
				LastSwiftUpdateCheck = 1340;
				LastUpgradeCheck = 1340;
				TargetAttributes = {
					684D4191289ED84500C7649D = {
						CreatedOnToolsVersion = 13.4.1;
					};
					684D41A1289ED84900C7649D = {
						CreatedOnToolsVersion = 13.4.1;
						TestTargetID = 684D4191289ED84500C7649D;
					};
					684D41AB289ED84900C7649D = {
						CreatedOnToolsVersion = 13.4.1;
						TestTargetID = 684D4191289ED84500C7649D;
					};
				};
			};
			buildConfigurationList = 684D418D289ED84500C7649D /* Build configuration list for PBXProject "Rock Paper Scissors" */;
			compatibilityVersion = "Xcode 13.0";
			developmentRegion = en;
			hasScannedForEncodings = 0;
			knownRegions = (
				en,
				Base,
			);
			mainGroup = 684D4189289ED84500C7649D;
			productRefGroup = 684D4193289ED84500C7649D /* Products */;
			projectDirPath = "";
			projectRoot = "";
			targets = (
				684D4191289ED84500C7649D /* Rock Paper Scissors */,
				684D41A1289ED84900C7649D /* Rock Paper ScissorsTests */,
				684D41AB289ED84900C7649D /* Rock Paper ScissorsUITests */,
			);
		};
/* End PBXProject section */

/* Begin PBXResourcesBuildPhase section */
		684D4190289ED84500C7649D /* Resources */ = {
			isa = PBXResourcesBuildPhase;
			buildActionMask = 2147483647;
			files = (
				684D419D289ED84800C7649D /* Preview Assets.xcassets in Resources */,
				684D419A289ED84800C7649D /* Assets.xcassets in Resources */,
			);
			runOnlyForDeploymentPostprocessing = 0;
		};
		684D41A0289ED84900C7649D /* Resources */ = {
			isa = PBXResourcesBuildPhase;
			buildActionMask = 2147483647;
			files = (
			);
			runOnlyForDeploymentPostprocessing = 0;
		};
		684D41AA289ED84900C7649D /* Resources */ = {
			isa = PBXResourcesBuildPhase;
			buildActionMask = 2147483647;
			files = (
			);
			runOnlyForDeploymentPostprocessing = 0;
		};
/* End PBXResourcesBuildPhase section */

/* Begin PBXSourcesBuildPhase section */
		684D418E289ED84500C7649D /* Sources */ = {
			isa = PBXSourcesBuildPhase;
			buildActionMask = 2147483647;
			files = (
				684D4198289ED84500C7649D /* ContentView.swift in Sources */,
				684D4196289ED84500C7649D /* Rock_Paper_ScissorsApp.swift in Sources */,
				68B0944A28A3C5CA005299DB /* BottomText.swift in Sources */,
				68B0944E28A3CD10005299DB /* CustomModi.swift in Sources */,
			);
			runOnlyForDeploymentPostprocessing = 0;
		};
		684D419E289ED84900C7649D /* Sources */ = {
			isa = PBXSourcesBuildPhase;
			buildActionMask = 2147483647;
			files = (
				684D41A7289ED84900C7649D /* Rock_Paper_ScissorsTests.swift in Sources */,
			);
			runOnlyForDeploymentPostprocessing = 0;
		};
		684D41A8289ED84900C7649D /* Sources */ = {
			isa = PBXSourcesBuildPhase;
			buildActionMask = 2147483647;
			files = (
				684D41B1289ED84900C7649D /* Rock_Paper_ScissorsUITests.swift in Sources */,
				684D41B3289ED84900C7649D /* Rock_Paper_ScissorsUITestsLaunchTests.swift in Sources */,
			);
			runOnlyForDeploymentPostprocessing = 0;
		};
/* End PBXSourcesBuildPhase section */

/* Begin PBXTargetDependency section */
		684D41A4289ED84900C7649D /* PBXTargetDependency */ = {
			isa = PBXTargetDependency;
			target = 684D4191289ED84500C7649D /* Rock Paper Scissors */;
			targetProxy = 684D41A3289ED84900C7649D /* PBXContainerItemProxy */;
		};
		684D41AE289ED84900C7649D /* PBXTargetDependency */ = {
			isa = PBXTargetDependency;
			target = 684D4191289ED84500C7649D /* Rock Paper Scissors */;
			targetProxy = 684D41AD289ED84900C7649D /* PBXContainerItemProxy */;
		};
/* End PBXTargetDependency section */

/* Begin XCBuildConfiguration section */
		684D41B4289ED84900C7649D /* Debug */ = {
			isa = XCBuildConfiguration;
			buildSettings = {
				ALWAYS_SEARCH_USER_PATHS = NO;
				CLANG_ANALYZER_NONNULL = YES;
				CLANG_ANALYZER_NUMBER_OBJECT_CONVERSION = YES_AGGRESSIVE;
				CLANG_CXX_LANGUAGE_STANDARD = "gnu++17";
				CLANG_ENABLE_MODULES = YES;
				CLANG_ENABLE_OBJC_ARC = YES;
				CLANG_ENABLE_OBJC_WEAK = YES;
				CLANG_WARN_BLOCK_CAPTURE_AUTORELEASING = YES;
				CLANG_WARN_BOOL_CONVERSION = YES;
				CLANG_WARN_COMMA = YES;
				CLANG_WARN_CONSTANT_CONVERSION = YES;
				CLANG_WARN_DEPRECATED_OBJC_IMPLEMENTATIONS = YES;
				CLANG_WARN_DIRECT_OBJC_ISA_USAGE = YES_ERROR;
				CLANG_WARN_DOCUMENTATION_COMMENTS = YES;
				CLANG_WARN_EMPTY_BODY = YES;
				CLANG_WARN_ENUM_CONVERSION = YES;
				CLANG_WARN_INFINITE_RECURSION = YES;
				CLANG_WARN_INT_CONVERSION = YES;
				CLANG_WARN_NON_LITERAL_NULL_CONVERSION = YES;
				CLANG_WARN_OBJC_IMPLICIT_RETAIN_SELF = YES;
				CLANG_WARN_OBJC_LITERAL_CONVERSION = YES;
				CLANG_WARN_OBJC_ROOT_CLASS = YES_ERROR;
				CLANG_WARN_QUOTED_INCLUDE_IN_FRAMEWORK_HEADER = YES;
				CLANG_WARN_RANGE_LOOP_ANALYSIS = YES;
				CLANG_WARN_STRICT_PROTOTYPES = YES;
				CLANG_WARN_SUSPICIOUS_MOVE = YES;
				CLANG_WARN_UNGUARDED_AVAILABILITY = YES_AGGRESSIVE;
				CLANG_WARN_UNREACHABLE_CODE = YES;
				CLANG_WARN__DUPLICATE_METHOD_MATCH = YES;
				COPY_PHASE_STRIP = NO;
				DEBUG_INFORMATION_FORMAT = dwarf;
				ENABLE_STRICT_OBJC_MSGSEND = YES;
				ENABLE_TESTABILITY = YES;
				GCC_C_LANGUAGE_STANDARD = gnu11;
				GCC_DYNAMIC_NO_PIC = NO;
				GCC_NO_COMMON_BLOCKS = YES;
				GCC_OPTIMIZATION_LEVEL = 0;
				GCC_PREPROCESSOR_DEFINITIONS = (
					"DEBUG=1",
					"$(inherited)",
				);
				GCC_WARN_64_TO_32_BIT_CONVERSION = YES;
				GCC_WARN_ABOUT_RETURN_TYPE = YES_ERROR;
				GCC_WARN_UNDECLARED_SELECTOR = YES;
				GCC_WARN_UNINITIALIZED_AUTOS = YES_AGGRESSIVE;
				GCC_WARN_UNUSED_FUNCTION = YES;
				GCC_WARN_UNUSED_VARIABLE = YES;
				IPHONEOS_DEPLOYMENT_TARGET = 15.5;
				MTL_ENABLE_DEBUG_INFO = INCLUDE_SOURCE;
				MTL_FAST_MATH = YES;
				ONLY_ACTIVE_ARCH = YES;
				SDKROOT = iphoneos;
				SWIFT_ACTIVE_COMPILATION_CONDITIONS = DEBUG;
				SWIFT_OPTIMIZATION_LEVEL = "-Onone";
			};
			name = Debug;
		};
		684D41B5289ED84900C7649D /* Release */ = {
			isa = XCBuildConfiguration;
			buildSettings = {
				ALWAYS_SEARCH_USER_PATHS = NO;
				CLANG_ANALYZER_NONNULL = YES;
				CLANG_ANALYZER_NUMBER_OBJECT_CONVERSION = YES_AGGRESSIVE;
				CLANG_CXX_LANGUAGE_STANDARD = "gnu++17";
				CLANG_ENABLE_MODULES = YES;
				CLANG_ENABLE_OBJC_ARC = YES;
				CLANG_ENABLE_OBJC_WEAK = YES;
				CLANG_WARN_BLOCK_CAPTURE_AUTORELEASING = YES;
				CLANG_WARN_BOOL_CONVERSION = YES;
				CLANG_WARN_COMMA = YES;
				CLANG_WARN_CONSTANT_CONVERSION = YES;
				CLANG_WARN_DEPRECATED_OBJC_IMPLEMENTATIONS = YES;
				CLANG_WARN_DIRECT_OBJC_ISA_USAGE = YES_ERROR;
				CLANG_WARN_DOCUMENTATION_COMMENTS = YES;
				CLANG_WARN_EMPTY_BODY = YES;
				CLANG_WARN_ENUM_CONVERSION = YES;
				CLANG_WARN_INFINITE_RECURSION = YES;
				CLANG_WARN_INT_CONVERSION = YES;
				CLANG_WARN_NON_LITERAL_NULL_CONVERSION = YES;
				CLANG_WARN_OBJC_IMPLICIT_RETAIN_SELF = YES;
				CLANG_WARN_OBJC_LITERAL_CONVERSION = YES;
				CLANG_WARN_OBJC_ROOT_CLASS = YES_ERROR;
				CLANG_WARN_QUOTED_INCLUDE_IN_FRAMEWORK_HEADER = YES;
				CLANG_WARN_RANGE_LOOP_ANALYSIS = YES;
				CLANG_WARN_STRICT_PROTOTYPES = YES;
				CLANG_WARN_SUSPICIOUS_MOVE = YES;
				CLANG_WARN_UNGUARDED_AVAILABILITY = YES_AGGRESSIVE;
				CLANG_WARN_UNREACHABLE_CODE = YES;
				CLANG_WARN__DUPLICATE_METHOD_MATCH = YES;
				COPY_PHASE_STRIP = NO;
				DEBUG_INFORMATION_FORMAT = "dwarf-with-dsym";
				ENABLE_NS_ASSERTIONS = NO;
				ENABLE_STRICT_OBJC_MSGSEND = YES;
				GCC_C_LANGUAGE_STANDARD = gnu11;
				GCC_NO_COMMON_BLOCKS = YES;
				GCC_WARN_64_TO_32_BIT_CONVERSION = YES;
				GCC_WARN_ABOUT_RETURN_TYPE = YES_ERROR;
				GCC_WARN_UNDECLARED_SELECTOR = YES;
				GCC_WARN_UNINITIALIZED_AUTOS = YES_AGGRESSIVE;
				GCC_WARN_UNUSED_FUNCTION = YES;
				GCC_WARN_UNUSED_VARIABLE = YES;
				IPHONEOS_DEPLOYMENT_TARGET = 15.5;
				MTL_ENABLE_DEBUG_INFO = NO;
				MTL_FAST_MATH = YES;
				SDKROOT = iphoneos;
				SWIFT_COMPILATION_MODE = wholemodule;
				SWIFT_OPTIMIZATION_LEVEL = "-O";
				VALIDATE_PRODUCT = YES;
			};
			name = Release;
		};
		684D41B7289ED84900C7649D /* Debug */ = {
			isa = XCBuildConfiguration;
			buildSettings = {
				ASSETCATALOG_COMPILER_APPICON_NAME = AppIcon;
				ASSETCATALOG_COMPILER_GLOBAL_ACCENT_COLOR_NAME = AccentColor;
				CODE_SIGN_STYLE = Automatic;
				CURRENT_PROJECT_VERSION = 1;
				DEVELOPMENT_ASSET_PATHS = "\"Rock Paper Scissors/Preview Content\"";
				DEVELOPMENT_TEAM = 6597XEG8AA;
				ENABLE_PREVIEWS = YES;
				GENERATE_INFOPLIST_FILE = YES;
				INFOPLIST_KEY_UIApplicationSceneManifest_Generation = YES;
				INFOPLIST_KEY_UIApplicationSupportsIndirectInputEvents = YES;
				INFOPLIST_KEY_UILaunchScreen_Generation = YES;
				INFOPLIST_KEY_UISupportedInterfaceOrientations_iPad = "UIInterfaceOrientationPortrait UIInterfaceOrientationPortraitUpsideDown UIInterfaceOrientationLandscapeLeft UIInterfaceOrientationLandscapeRight";
				INFOPLIST_KEY_UISupportedInterfaceOrientations_iPhone = "UIInterfaceOrientationPortrait UIInterfaceOrientationLandscapeLeft UIInterfaceOrientationLandscapeRight";
				LD_RUNPATH_SEARCH_PATHS = (
					"$(inherited)",
					"@executable_path/Frameworks",
				);
				MARKETING_VERSION = 1.0;
				PRODUCT_BUNDLE_IDENTIFIER = "CSH.Rock-Paper-Scissors";
				PRODUCT_NAME = "$(TARGET_NAME)";
				SWIFT_EMIT_LOC_STRINGS = YES;
				SWIFT_VERSION = 5.0;
				TARGETED_DEVICE_FAMILY = "1,2";
			};
			name = Debug;
		};
		684D41B8289ED84900C7649D /* Release */ = {
			isa = XCBuildConfiguration;
			buildSettings = {
				ASSETCATALOG_COMPILER_APPICON_NAME = AppIcon;
				ASSETCATALOG_COMPILER_GLOBAL_ACCENT_COLOR_NAME = AccentColor;
				CODE_SIGN_STYLE = Automatic;
				CURRENT_PROJECT_VERSION = 1;
				DEVELOPMENT_ASSET_PATHS = "\"Rock Paper Scissors/Preview Content\"";
				DEVELOPMENT_TEAM = 6597XEG8AA;
				ENABLE_PREVIEWS = YES;
				GENERATE_INFOPLIST_FILE = YES;
				INFOPLIST_KEY_UIApplicationSceneManifest_Generation = YES;
				INFOPLIST_KEY_UIApplicationSupportsIndirectInputEvents = YES;
				INFOPLIST_KEY_UILaunchScreen_Generation = YES;
				INFOPLIST_KEY_UISupportedInterfaceOrientations_iPad = "UIInterfaceOrientationPortrait UIInterfaceOrientationPortraitUpsideDown UIInterfaceOrientationLandscapeLeft UIInterfaceOrientationLandscapeRight";
				INFOPLIST_KEY_UISupportedInterfaceOrientations_iPhone = "UIInterfaceOrientationPortrait UIInterfaceOrientationLandscapeLeft UIInterfaceOrientationLandscapeRight";
				LD_RUNPATH_SEARCH_PATHS = (
					"$(inherited)",
					"@executable_path/Frameworks",
				);
				MARKETING_VERSION = 1.0;
				PRODUCT_BUNDLE_IDENTIFIER = "CSH.Rock-Paper-Scissors";
				PRODUCT_NAME = "$(TARGET_NAME)";
				SWIFT_EMIT_LOC_STRINGS = YES;
				SWIFT_VERSION = 5.0;
				TARGETED_DEVICE_FAMILY = "1,2";
			};
			name = Release;
		};
		684D41BA289ED84900C7649D /* Debug */ = {
			isa = XCBuildConfiguration;
			buildSettings = {
				ALWAYS_EMBED_SWIFT_STANDARD_LIBRARIES = YES;
				BUNDLE_LOADER = "$(TEST_HOST)";
				CODE_SIGN_STYLE = Automatic;
				CURRENT_PROJECT_VERSION = 1;
				DEVELOPMENT_TEAM = 6597XEG8AA;
				GENERATE_INFOPLIST_FILE = YES;
				IPHONEOS_DEPLOYMENT_TARGET = 15.5;
				MARKETING_VERSION = 1.0;
				PRODUCT_BUNDLE_IDENTIFIER = "CSH.Rock-Paper-ScissorsTests";
				PRODUCT_NAME = "$(TARGET_NAME)";
				SWIFT_EMIT_LOC_STRINGS = NO;
				SWIFT_VERSION = 5.0;
				TARGETED_DEVICE_FAMILY = "1,2";
				TEST_HOST = "$(BUILT_PRODUCTS_DIR)/Rock Paper Scissors.app/Rock Paper Scissors";
			};
			name = Debug;
		};
		684D41BB289ED84900C7649D /* Release */ = {
			isa = XCBuildConfiguration;
			buildSettings = {
				ALWAYS_EMBED_SWIFT_STANDARD_LIBRARIES = YES;
				BUNDLE_LOADER = "$(TEST_HOST)";
				CODE_SIGN_STYLE = Automatic;
				CURRENT_PROJECT_VERSION = 1;
				DEVELOPMENT_TEAM = 6597XEG8AA;
				GENERATE_INFOPLIST_FILE = YES;
				IPHONEOS_DEPLOYMENT_TARGET = 15.5;
				MARKETING_VERSION = 1.0;
				PRODUCT_BUNDLE_IDENTIFIER = "CSH.Rock-Paper-ScissorsTests";
				PRODUCT_NAME = "$(TARGET_NAME)";
				SWIFT_EMIT_LOC_STRINGS = NO;
				SWIFT_VERSION = 5.0;
				TARGETED_DEVICE_FAMILY = "1,2";
				TEST_HOST = "$(BUILT_PRODUCTS_DIR)/Rock Paper Scissors.app/Rock Paper Scissors";
			};
			name = Release;
		};
		684D41BD289ED84900C7649D /* Debug */ = {
			isa = XCBuildConfiguration;
			buildSettings = {
				ALWAYS_EMBED_SWIFT_STANDARD_LIBRARIES = YES;
				CODE_SIGN_STYLE = Automatic;
				CURRENT_PROJECT_VERSION = 1;
				DEVELOPMENT_TEAM = 6597XEG8AA;
				GENERATE_INFOPLIST_FILE = YES;
				MARKETING_VERSION = 1.0;
				PRODUCT_BUNDLE_IDENTIFIER = "CSH.Rock-Paper-ScissorsUITests";
				PRODUCT_NAME = "$(TARGET_NAME)";
				SWIFT_EMIT_LOC_STRINGS = NO;
				SWIFT_VERSION = 5.0;
				TARGETED_DEVICE_FAMILY = "1,2";
				TEST_TARGET_NAME = "Rock Paper Scissors";
			};
			name = Debug;
		};
		684D41BE289ED84900C7649D /* Release */ = {
			isa = XCBuildConfiguration;
			buildSettings = {
				ALWAYS_EMBED_SWIFT_STANDARD_LIBRARIES = YES;
				CODE_SIGN_STYLE = Automatic;
				CURRENT_PROJECT_VERSION = 1;
				DEVELOPMENT_TEAM = 6597XEG8AA;
				GENERATE_INFOPLIST_FILE = YES;
				MARKETING_VERSION = 1.0;
				PRODUCT_BUNDLE_IDENTIFIER = "CSH.Rock-Paper-ScissorsUITests";
				PRODUCT_NAME = "$(TARGET_NAME)";
				SWIFT_EMIT_LOC_STRINGS = NO;
				SWIFT_VERSION = 5.0;
				TARGETED_DEVICE_FAMILY = "1,2";
				TEST_TARGET_NAME = "Rock Paper Scissors";
			};
			name = Release;
		};
/* End XCBuildConfiguration section */

/* Begin XCConfigurationList section */
		684D418D289ED84500C7649D /* Build configuration list for PBXProject "Rock Paper Scissors" */ = {
			isa = XCConfigurationList;
			buildConfigurations = (
				684D41B4289ED84900C7649D /* Debug */,
				684D41B5289ED84900C7649D /* Release */,
			);
			defaultConfigurationIsVisible = 0;
			defaultConfigurationName = Release;
		};
		684D41B6289ED84900C7649D /* Build configuration list for PBXNativeTarget "Rock Paper Scissors" */ = {
			isa = XCConfigurationList;
			buildConfigurations = (
				684D41B7289ED84900C7649D /* Debug */,
				684D41B8289ED84900C7649D /* Release */,
			);
			defaultConfigurationIsVisible = 0;
			defaultConfigurationName = Release;
		};
		684D41B9289ED84900C7649D /* Build configuration list for PBXNativeTarget "Rock Paper ScissorsTests" */ = {
			isa = XCConfigurationList;
			buildConfigurations = (
				684D41BA289ED84900C7649D /* Debug */,
				684D41BB289ED84900C7649D /* Release */,
			);
			defaultConfigurationIsVisible = 0;
			defaultConfigurationName = Release;
		};
		684D41BC289ED84900C7649D /* Build configuration list for PBXNativeTarget "Rock Paper ScissorsUITests" */ = {
			isa = XCConfigurationList;
			buildConfigurations = (
				684D41BD289ED84900C7649D /* Debug */,
				684D41BE289ED84900C7649D /* Release */,
			);
			defaultConfigurationIsVisible = 0;
			defaultConfigurationName = Release;
		};
/* End XCConfigurationList section */
	};
	rootObject = 684D418A289ED84500C7649D /* Project object */;
}
